{
  "name": "goit-js-hw-07",
  "lockfileVersion": 2,
  "requires": true,
  "packages": {
    "": {
      "dependencies": {
        "basiclightbox": "^5.0.4",
        "simplelightbox": "^2.10.3"
      }
    },
    "node_modules/basiclightbox": {
      "version": "5.0.4",
      "resolved": "https://registry.npmjs.org/basiclightbox/-/basiclightbox-5.0.4.tgz",
      "integrity": "sha512-EsuNWmfcFXWZOe0txKXsllYOC7bDpoaVLc4HHHlYKB/roymlZs+FBdLUU6rx2yPpnJZhulwheKdPjqr2k0+NGQ=="
    },
    "node_modules/simplelightbox": {
      "version": "2.10.3",
      "resolved": "https://registry.npmjs.org/simplelightbox/-/simplelightbox-2.10.3.tgz",
      "integrity": "sha512-EvBmxVG5YQGKsaYijyky5J22h4OsOKnv8kWJxUZR9fxWTpxkTj0rbbflZiFJ61F+OEb6cPUFzxUjLoOZF8W2gg=="
    }
  },
  "dependencies": {
    "basiclightbox": {
      "version": "5.0.4",
      "resolved": "https://registry.npmjs.org/basiclightbox/-/basiclightbox-5.0.4.tgz",
      "integrity": "sha512-EsuNWmfcFXWZOe0txKXsllYOC7bDpoaVLc4HHHlYKB/roymlZs+FBdLUU6rx2yPpnJZhulwheKdPjqr2k0+NGQ=="
    },
    "simplelightbox": {
      "version": "2.10.3",
      "resolved": "https://registry.npmjs.org/simplelightbox/-/simplelightbox-2.10.3.tgz",
      "integrity": "sha512-EvBmxVG5YQGKsaYijyky5J22h4OsOKnv8kWJxUZR9fxWTpxkTj0rbbflZiFJ61F+OEb6cPUFzxUjLoOZF8W2gg=="
    }
  }
}
